
Microsoft Visual Studio Solution File, Format Version 12.00
# Visual Studio Version 16
VisualStudioVersion = 16.0.29102.190
MinimumVisualStudioVersion = 10.0.40219.1
Project("{FAE04EC0-301F-11D3-BF4B-00C04F79EFBC}") = "JD Parser", "JD Parser.csproj", "{3D26B656-F908-46AF-82B3-5979DCAC8E2D}"
EndProject
Project("{54435603-DBB4-11D2-8724-00A0C9A8B90C}") = "JD Parser Installer", "..\JD Parser Installer\JD Parser Installer.vdproj", "{1317F854-353C-4CA9-BD86-E64113092377}"
EndProject
Global
	GlobalSection(SolutionConfigurationPlatforms) = preSolution
		Debug|Any CPU = Debug|Any CPU
		Release|Any CPU = Release|Any CPU
	EndGlobalSection
	GlobalSection(ProjectConfigurationPlatforms) = postSolution
		{3D26B656-F908-46AF-82B3-5979DCAC8E2D}.Debug|Any CPU.ActiveCfg = Debug|Any CPU
		{3D26B656-F908-46AF-82B3-5979DCAC8E2D}.Debug|Any CPU.Build.0 = Debug|Any CPU
		{3D26B656-F908-46AF-82B3-5979DCAC8E2D}.Release|Any CPU.ActiveCfg = Release|Any CPU
		{3D26B656-F908-46AF-82B3-5979DCAC8E2D}.Release|Any CPU.Build.0 = Release|Any CPU
		{1317F854-353C-4CA9-BD86-E64113092377}.Debug|Any CPU.ActiveCfg = Debug
		{1317F854-353C-4CA9-BD86-E64113092377}.Release|Any CPU.ActiveCfg = Release
		{1317F854-353C-4CA9-BD86-E64113092377}.Release|Any CPU.Build.0 = Release
	EndGlobalSection
	GlobalSection(SolutionProperties) = preSolution
		HideSolutionNode = FALSE
	EndGlobalSection
	GlobalSection(ExtensibilityGlobals) = postSolution
		SolutionGuid = {5CA69579-EB80-4F9D-9C47-7F629CE37AC1}
	EndGlobalSection
EndGlobal
